// !$*UTF8*$!
{
	archiveVersion = 1;
	classes = {
	};
	objectVersion = 46;
	objects = {

/* Begin PBXBuildFile section */
		270047151C46321700336DB7 /* AppDelegate.swift in Sources */ = {isa = PBXBuildFile; fileRef = 270047141C46321700336DB7 /* AppDelegate.swift */; };
		270047171C46321700336DB7 /* RecordSoundsViewController.swift in Sources */ = {isa = PBXBuildFile; fileRef = 270047161C46321700336DB7 /* RecordSoundsViewController.swift */; };
		2700471A1C46321700336DB7 /* Main.storyboard in Resources */ = {isa = PBXBuildFile; fileRef = 270047181C46321700336DB7 /* Main.storyboard */; };
		2700471C1C46321700336DB7 /* Assets.xcassets in Resources */ = {isa = PBXBuildFile; fileRef = 2700471B1C46321700336DB7 /* Assets.xcassets */; };
		2700471F1C46321700336DB7 /* LaunchScreen.storyboard in Resources */ = {isa = PBXBuildFile; fileRef = 2700471D1C46321700336DB7 /* LaunchScreen.storyboard */; };
		2700472A1C46321700336DB7 /* Pitch_PerfectTests.swift in Sources */ = {isa = PBXBuildFile; fileRef = 270047291C46321700336DB7 /* Pitch_PerfectTests.swift */; };
		270047351C46321700336DB7 /* Pitch_PerfectUITests.swift in Sources */ = {isa = PBXBuildFile; fileRef = 270047341C46321700336DB7 /* Pitch_PerfectUITests.swift */; };
		270047451C470F6100336DB7 /* PlaySoundsViewController.swift in Sources */ = {isa = PBXBuildFile; fileRef = 270047441C470F6100336DB7 /* PlaySoundsViewController.swift */; };
		270047471C4714AD00336DB7 /* movie_quote.mp3 in Resources */ = {isa = PBXBuildFile; fileRef = 270047461C4714AD00336DB7 /* movie_quote.mp3 */; };
		2700474A1C472D5000336DB7 /* RecordedAudio.swift in Sources */ = {isa = PBXBuildFile; fileRef = 270047491C472D5000336DB7 /* RecordedAudio.swift */; };
/* End PBXBuildFile section */

/* Begin PBXContainerItemProxy section */
		270047261C46321700336DB7 /* PBXContainerItemProxy */ = {
			isa = PBXContainerItemProxy;
			containerPortal = 270047091C46321700336DB7 /* Project object */;
			proxyType = 1;
			remoteGlobalIDString = 270047101C46321700336DB7;
			remoteInfo = "Pitch Perfect";
		};
		270047311C46321700336DB7 /* PBXContainerItemProxy */ = {
			isa = PBXContainerItemProxy;
			containerPortal = 270047091C46321700336DB7 /* Project object */;
			proxyType = 1;
			remoteGlobalIDString = 270047101C46321700336DB7;
			remoteInfo = "Pitch Perfect";
		};
/* End PBXContainerItemProxy section */

/* Begin PBXFileReference section */
		270047111C46321700336DB7 /* Pitch Perfect.app */ = {isa = PBXFileReference; explicitFileType = wrapper.application; includeInIndex = 0; path = "Pitch Perfect.app"; sourceTree = BUILT_PRODUCTS_DIR; };
		270047141C46321700336DB7 /* AppDelegate.swift */ = {isa = PBXFileReference; lastKnownFileType = sourcecode.swift; path = AppDelegate.swift; sourceTree = "<group>"; };
		270047161C46321700336DB7 /* RecordSoundsViewController.swift */ = {isa = PBXFileReference; lastKnownFileType = sourcecode.swift; path = RecordSoundsViewController.swift; sourceTree = "<group>"; };
		270047191C46321700336DB7 /* Base */ = {isa = PBXFileReference; lastKnownFileType = file.storyboard; name = Base; path = Base.lproj/Main.storyboard; sourceTree = "<group>"; };
		2700471B1C46321700336DB7 /* Assets.xcassets */ = {isa = PBXFileReference; lastKnownFileType = folder.assetcatalog; path = Assets.xcassets; sourceTree = "<group>"; };
		2700471E1C46321700336DB7 /* Base */ = {isa = PBXFileReference; lastKnownFileType = file.storyboard; name = Base; path = Base.lproj/LaunchScreen.storyboard; sourceTree = "<group>"; };
		270047201C46321700336DB7 /* Info.plist */ = {isa = PBXFileReference; lastKnownFileType = text.plist.xml; path = Info.plist; sourceTree = "<group>"; };
		270047251C46321700336DB7 /* Pitch PerfectTests.xctest */ = {isa = PBXFileReference; explicitFileType = wrapper.cfbundle; includeInIndex = 0; path = "Pitch PerfectTests.xctest"; sourceTree = BUILT_PRODUCTS_DIR; };
		270047291C46321700336DB7 /* Pitch_PerfectTests.swift */ = {isa = PBXFileReference; lastKnownFileType = sourcecode.swift; path = Pitch_PerfectTests.swift; sourceTree = "<group>"; };
		2700472B1C46321700336DB7 /* Info.plist */ = {isa = PBXFileReference; lastKnownFileType = text.plist.xml; path = Info.plist; sourceTree = "<group>"; };
		270047301C46321700336DB7 /* Pitch PerfectUITests.xctest */ = {isa = PBXFileReference; explicitFileType = wrapper.cfbundle; includeInIndex = 0; path = "Pitch PerfectUITests.xctest"; sourceTree = BUILT_PRODUCTS_DIR; };
		270047341C46321700336DB7 /* Pitch_PerfectUITests.swift */ = {isa = PBXFileReference; lastKnownFileType = sourcecode.swift; path = Pitch_PerfectUITests.swift; sourceTree = "<group>"; };
		270047361C46321700336DB7 /* Info.plist */ = {isa = PBXFileReference; lastKnownFileType = text.plist.xml; path = Info.plist; sourceTree = "<group>"; };
		270047441C470F6100336DB7 /* PlaySoundsViewController.swift */ = {isa = PBXFileReference; fileEncoding = 4; lastKnownFileType = sourcecode.swift; name = PlaySoundsViewController.swift; path = ../PlaySoundsViewController.swift; sourceTree = "<group>"; };
		270047461C4714AD00336DB7 /* movie_quote.mp3 */ = {isa = PBXFileReference; lastKnownFileType = audio.mp3; path = movie_quote.mp3; sourceTree = "<group>"; };
		270047491C472D5000336DB7 /* RecordedAudio.swift */ = {isa = PBXFileReference; fileEncoding = 4; lastKnownFileType = sourcecode.swift; path = RecordedAudio.swift; sourceTree = "<group>"; };
/* End PBXFileReference section */

/* Begin PBXFrameworksBuildPhase section */
		2700470E1C46321700336DB7 /* Frameworks */ = {
			isa = PBXFrameworksBuildPhase;
			buildActionMask = 2147483647;
			files = (
			);
			runOnlyForDeploymentPostprocessing = 0;
		};
		270047221C46321700336DB7 /* Frameworks */ = {
			isa = PBXFrameworksBuildPhase;
			buildActionMask = 2147483647;
			files = (
			);
			runOnlyForDeploymentPostprocessing = 0;
		};
		2700472D1C46321700336DB7 /* Frameworks */ = {
			isa = PBXFrameworksBuildPhase;
			buildActionMask = 2147483647;
			files = (
			);
			runOnlyForDeploymentPostprocessing = 0;
		};
/* End PBXFrameworksBuildPhase section */

/* Begin PBXGroup section */
		270047081C46321700336DB7 = {
			isa = PBXGroup;
			children = (
				270047131C46321700336DB7 /* Pitch Perfect */,
				270047281C46321700336DB7 /* Pitch PerfectTests */,
				270047331C46321700336DB7 /* Pitch PerfectUITests */,
				270047121C46321700336DB7 /* Products */,
			);
			sourceTree = "<group>";
		};
		270047121C46321700336DB7 /* Products */ = {
			isa = PBXGroup;
			children = (
				270047111C46321700336DB7 /* Pitch Perfect.app */,
				270047251C46321700336DB7 /* Pitch PerfectTests.xctest */,
				270047301C46321700336DB7 /* Pitch PerfectUITests.xctest */,
			);
			name = Products;
			sourceTree = "<group>";
		};
		270047131C46321700336DB7 /* Pitch Perfect */ = {
			isa = PBXGroup;
			children = (
				270047441C470F6100336DB7 /* PlaySoundsViewController.swift */,
				270047141C46321700336DB7 /* AppDelegate.swift */,
				270047161C46321700336DB7 /* RecordSoundsViewController.swift */,
				270047181C46321700336DB7 /* Main.storyboard */,
				270047491C472D5000336DB7 /* RecordedAudio.swift */,
				2700471B1C46321700336DB7 /* Assets.xcassets */,
				270047481C4714C300336DB7 /* sounds */,
				2700471D1C46321700336DB7 /* LaunchScreen.storyboard */,
				270047201C46321700336DB7 /* Info.plist */,
			);
			path = "Pitch Perfect";
			sourceTree = "<group>";
		};
		270047281C46321700336DB7 /* Pitch PerfectTests */ = {
			isa = PBXGroup;
			children = (
				270047291C46321700336DB7 /* Pitch_PerfectTests.swift */,
				2700472B1C46321700336DB7 /* Info.plist */,
			);
			path = "Pitch PerfectTests";
			sourceTree = "<group>";
		};
		270047331C46321700336DB7 /* Pitch PerfectUITests */ = {
			isa = PBXGroup;
			children = (
				270047341C46321700336DB7 /* Pitch_PerfectUITests.swift */,
				270047361C46321700336DB7 /* Info.plist */,
			);
			path = "Pitch PerfectUITests";
			sourceTree = "<group>";
		};
		270047481C4714C300336DB7 /* sounds */ = {
			isa = PBXGroup;
			children = (
				270047461C4714AD00336DB7 /* movie_quote.mp3 */,
			);
			name = sounds;
			sourceTree = "<group>";
		};
/* End PBXGroup section */

/* Begin PBXNativeTarget section */
		270047101C46321700336DB7 /* Pitch Perfect */ = {
			isa = PBXNativeTarget;
			buildConfigurationList = 270047391C46321700336DB7 /* Build configuration list for PBXNativeTarget "Pitch Perfect" */;
			buildPhases = (
				2700470D1C46321700336DB7 /* Sources */,
				2700470E1C46321700336DB7 /* Frameworks */,
				2700470F1C46321700336DB7 /* Resources */,
			);
			buildRules = (
			);
			dependencies = (
			);
			name = "Pitch Perfect";
			productName = "Pitch Perfect";
			productReference = 270047111C46321700336DB7 /* Pitch Perfect.app */;
			productType = "com.apple.product-type.application";
		};
		270047241C46321700336DB7 /* Pitch PerfectTests */ = {
			isa = PBXNativeTarget;
			buildConfigurationList = 2700473C1C46321700336DB7 /* Build configuration list for PBXNativeTarget "Pitch PerfectTests" */;
			buildPhases = (
				270047211C46321700336DB7 /* Sources */,
				270047221C46321700336DB7 /* Frameworks */,
				270047231C46321700336DB7 /* Resources */,
			);
			buildRules = (
			);
			dependencies = (
				270047271C46321700336DB7 /* PBXTargetDependency */,
			);
			name = "Pitch PerfectTests";
			productName = "Pitch PerfectTests";
			productReference = 270047251C46321700336DB7 /* Pitch PerfectTests.xctest */;
			productType = "com.apple.product-type.bundle.unit-test";
		};
		2700472F1C46321700336DB7 /* Pitch PerfectUITests */ = {
			isa = PBXNativeTarget;
			buildConfigurationList = 2700473F1C46321700336DB7 /* Build configuration list for PBXNativeTarget "Pitch PerfectUITests" */;
			buildPhases = (
				2700472C1C46321700336DB7 /* Sources */,
				2700472D1C46321700336DB7 /* Frameworks */,
				2700472E1C46321700336DB7 /* Resources */,
			);
			buildRules = (
			);
			dependencies = (
				270047321C46321700336DB7 /* PBXTargetDependency */,
			);
			name = "Pitch PerfectUITests";
			productName = "Pitch PerfectUITests";
			productReference = 270047301C46321700336DB7 /* Pitch PerfectUITests.xctest */;
			productType = "com.apple.product-type.bundle.ui-testing";
		};
/* End PBXNativeTarget section */

/* Begin PBXProject section */
		270047091C46321700336DB7 /* Project object */ = {
			isa = PBXProject;
			attributes = {
				LastSwiftUpdateCheck = 0720;
				LastUpgradeCheck = 0720;
				ORGANIZATIONNAME = "Zhongyang Gao";
				TargetAttributes = {
					270047101C46321700336DB7 = {
						CreatedOnToolsVersion = 7.2;
						DevelopmentTeam = 8KAH88C6TV;
					};
					270047241C46321700336DB7 = {
						CreatedOnToolsVersion = 7.2;
						DevelopmentTeam = 8KAH88C6TV;
						TestTargetID = 270047101C46321700336DB7;
					};
					2700472F1C46321700336DB7 = {
						CreatedOnToolsVersion = 7.2;
						DevelopmentTeam = 8KAH88C6TV;
						TestTargetID = 270047101C46321700336DB7;
					};
				};
			};
			buildConfigurationList = 2700470C1C46321700336DB7 /* Build configuration list for PBXProject "Pitch Perfect" */;
			compatibilityVersion = "Xcode 3.2";
			developmentRegion = English;
			hasScannedForEncodings = 0;
			knownRegions = (
				en,
				Base,
			);
			mainGroup = 270047081C46321700336DB7;
			productRefGroup = 270047121C46321700336DB7 /* Products */;
			projectDirPath = "";
			projectRoot = "";
			targets = (
				270047101C46321700336DB7 /* Pitch Perfect */,
				270047241C46321700336DB7 /* Pitch PerfectTests */,
				2700472F1C46321700336DB7 /* Pitch PerfectUITests */,
			);
		};
/* End PBXProject section */

/* Begin PBXResourcesBuildPhase section */
		2700470F1C46321700336DB7 /* Resources */ = {
			isa = PBXResourcesBuildPhase;
			buildActionMask = 2147483647;
			files = (
				2700471F1C46321700336DB7 /* LaunchScreen.storyboard in Resources */,
				2700471C1C46321700336DB7 /* Assets.xcassets in Resources */,
				270047471C4714AD00336DB7 /* movie_quote.mp3 in Resources */,
				2700471A1C46321700336DB7 /* Main.storyboard in Resources */,
			);
			runOnlyForDeploymentPostprocessing = 0;
		};
		270047231C46321700336DB7 /* Resources */ = {
			isa = PBXResourcesBuildPhase;
			buildActionMask = 2147483647;
			files = (
			);
			runOnlyForDeploymentPostprocessing = 0;
		};
		2700472E1C46321700336DB7 /* Resources */ = {
			isa = PBXResourcesBuildPhase;
			buildActionMask = 2147483647;
			files = (
			);
			runOnlyForDeploymentPostprocessing = 0;
		};
/* End PBXResourcesBuildPhase section */

/* Begin PBXSourcesBuildPhase section */
		2700470D1C46321700336DB7 /* Sources */ = {
			isa = PBXSourcesBuildPhase;
			buildActionMask = 2147483647;
			files = (
				2700474A1C472D5000336DB7 /* RecordedAudio.swift in Sources */,
				270047171C46321700336DB7 /* RecordSoundsViewController.swift in Sources */,
				270047451C470F6100336DB7 /* PlaySoundsViewController.swift in Sources */,
				270047151C46321700336DB7 /* AppDelegate.swift in Sources */,
			);
			runOnlyForDeploymentPostprocessing = 0;
		};
		270047211C46321700336DB7 /* Sources */ = {
			isa = PBXSourcesBuildPhase;
			buildActionMask = 2147483647;
			files = (
				2700472A1C46321700336DB7 /* Pitch_PerfectTests.swift in Sources */,
			);
			runOnlyForDeploymentPostprocessing = 0;
		};
		2700472C1C46321700336DB7 /* Sources */ = {
			isa = PBXSourcesBuildPhase;
			buildActionMask = 2147483647;
			files = (
				270047351C46321700336DB7 /* Pitch_PerfectUITests.swift in Sources */,
			);
			runOnlyForDeploymentPostprocessing = 0;
		};
/* End PBXSourcesBuildPhase section */

/* Begin PBXTargetDependency section */
		270047271C46321700336DB7 /* PBXTargetDependency */ = {
			isa = PBXTargetDependency;
			target = 270047101C46321700336DB7 /* Pitch Perfect */;
			targetProxy = 270047261C46321700336DB7 /* PBXContainerItemProxy */;
		};
		270047321C46321700336DB7 /* PBXTargetDependency */ = {
			isa = PBXTargetDependency;
			target = 270047101C46321700336DB7 /* Pitch Perfect */;
			targetProxy = 270047311C46321700336DB7 /* PBXContainerItemProxy */;
		};
/* End PBXTargetDependency section */

/* Begin PBXVariantGroup section */
		270047181C46321700336DB7 /* Main.storyboard */ = {
			isa = PBXVariantGroup;
			children = (
				270047191C46321700336DB7 /* Base */,
			);
			name = Main.storyboard;
			sourceTree = "<group>";
		};
		2700471D1C46321700336DB7 /* LaunchScreen.storyboard */ = {
			isa = PBXVariantGroup;
			children = (
				2700471E1C46321700336DB7 /* Base */,
			);
			name = LaunchScreen.storyboard;
			sourceTree = "<group>";
		};
/* End PBXVariantGroup section */

/* Begin XCBuildConfiguration section */
		270047371C46321700336DB7 /* Debug */ = {
			isa = XCBuildConfiguration;
			buildSettings = {
				ALWAYS_SEARCH_USER_PATHS = NO;
				CLANG_CXX_LANGUAGE_STANDARD = "gnu++0x";
				CLANG_CXX_LIBRARY = "libc++";
				CLANG_ENABLE_MODULES = YES;
				CLANG_ENABLE_OBJC_ARC = YES;
				CLANG_WARN_BOOL_CONVERSION = YES;
				CLANG_WARN_CONSTANT_CONVERSION = YES;
				CLANG_WARN_DIRECT_OBJC_ISA_USAGE = YES_ERROR;
				CLANG_WARN_EMPTY_BODY = YES;
				CLANG_WARN_ENUM_CONVERSION = YES;
				CLANG_WARN_INT_CONVERSION = YES;
				CLANG_WARN_OBJC_ROOT_CLASS = YES_ERROR;
				CLANG_WARN_UNREACHABLE_CODE = YES;
				CLANG_WARN__DUPLICATE_METHOD_MATCH = YES;
				"CODE_SIGN_IDENTITY[sdk=iphoneos*]" = "iPhone Developer";
				COPY_PHASE_STRIP = NO;
				DEBUG_INFORMATION_FORMAT = dwarf;
				ENABLE_STRICT_OBJC_MSGSEND = YES;
				ENABLE_TESTABILITY = YES;
				GCC_C_LANGUAGE_STANDARD = gnu99;
				GCC_DYNAMIC_NO_PIC = NO;
				GCC_NO_COMMON_BLOCKS = YES;
				GCC_OPTIMIZATION_LEVEL = 0;
				GCC_PREPROCESSOR_DEFINITIONS = (
					"DEBUG=1",
					"$(inherited)",
				);
				GCC_WARN_64_TO_32_BIT_CONVERSION = YES;
				GCC_WARN_ABOUT_RETURN_TYPE = YES_ERROR;
				GCC_WARN_UNDECLARED_SELECTOR = YES;
				GCC_WARN_UNINITIALIZED_AUTOS = YES_AGGRESSIVE;
				GCC_WARN_UNUSED_FUNCTION = YES;
				GCC_WARN_UNUSED_VARIABLE = YES;
				IPHONEOS_DEPLOYMENT_TARGET = 9.2;
				MTL_ENABLE_DEBUG_INFO = YES;
				ONLY_ACTIVE_ARCH = YES;
				SDKROOT = iphoneos;
				SWIFT_OPTIMIZATION_LEVEL = "-Onone";
			};
			name = Debug;
		};
		270047381C46321700336DB7 /* Release */ = {
			isa = XCBuildConfiguration;
			buildSettings = {
				ALWAYS_SEARCH_USER_PATHS = NO;
				CLANG_CXX_LANGUAGE_STANDARD = "gnu++0x";
				CLANG_CXX_LIBRARY = "libc++";
				CLANG_ENABLE_MODULES = YES;
				CLANG_ENABLE_OBJC_ARC = YES;
				CLANG_WARN_BOOL_CONVERSION = YES;
				CLANG_WARN_CONSTANT_CONVERSION = YES;
				CLANG_WARN_DIRECT_OBJC_ISA_USAGE = YES_ERROR;
				CLANG_WARN_EMPTY_BODY = YES;
				CLANG_WARN_ENUM_CONVERSION = YES;
				CLANG_WARN_INT_CONVERSION = YES;
				CLANG_WARN_OBJC_ROOT_CLASS = YES_ERROR;
				CLANG_WARN_UNREACHABLE_CODE = YES;
				CLANG_WARN__DUPLICATE_METHOD_MATCH = YES;
				"CODE_SIGN_IDENTITY[sdk=iphoneos*]" = "iPhone Developer";
				COPY_PHASE_STRIP = NO;
				DEBUG_INFORMATION_FORMAT = "dwarf-with-dsym";
				ENABLE_NS_ASSERTIONS = NO;
				ENABLE_STRICT_OBJC_MSGSEND = YES;
				GCC_C_LANGUAGE_STANDARD = gnu99;
				GCC_NO_COMMON_BLOCKS = YES;
				GCC_WARN_64_TO_32_BIT_CONVERSION = YES;
				GCC_WARN_ABOUT_RETURN_TYPE = YES_ERROR;
				GCC_WARN_UNDECLARED_SELECTOR = YES;
				GCC_WARN_UNINITIALIZED_AUTOS = YES_AGGRESSIVE;
				GCC_WARN_UNUSED_FUNCTION = YES;
				GCC_WARN_UNUSED_VARIABLE = YES;
				IPHONEOS_DEPLOYMENT_TARGET = 9.2;
				MTL_ENABLE_DEBUG_INFO = NO;
				SDKROOT = iphoneos;
				VALIDATE_PRODUCT = YES;
			};
			name = Release;
		};
		2700473A1C46321700336DB7 /* Debug */ = {
			isa = XCBuildConfiguration;
			buildSettings = {
				ASSETCATALOG_COMPILER_APPICON_NAME = AppIcon;
				INFOPLIST_FILE = "Pitch Perfect/Info.plist";
				LD_RUNPATH_SEARCH_PATHS = "$(inherited) @executable_path/Frameworks";
				PRODUCT_BUNDLE_IDENTIFIER = "zhongyag.Pitch-Perfect";
				PRODUCT_NAME = "$(TARGET_NAME)";
			};
			name = Debug;
		};
		2700473B1C46321700336DB7 /* Release */ = {
			isa = XCBuildConfiguration;
			buildSettings = {
				ASSETCATALOG_COMPILER_APPICON_NAME = AppIcon;
				INFOPLIST_FILE = "Pitch Perfect/Info.plist";
				LD_RUNPATH_SEARCH_PATHS = "$(inherited) @executable_path/Frameworks";
				PRODUCT_BUNDLE_IDENTIFIER = "zhongyag.Pitch-Perfect";
				PRODUCT_NAME = "$(TARGET_NAME)";
			};
			name = Release;
		};
		2700473D1C46321700336DB7 /* Debug */ = {
			isa = XCBuildConfiguration;
			buildSettings = {
				BUNDLE_LOADER = "$(TEST_HOST)";
				INFOPLIST_FILE = "Pitch PerfectTests/Info.plist";
				LD_RUNPATH_SEARCH_PATHS = "$(inherited) @executable_path/Frameworks @loader_path/Frameworks";
				PRODUCT_BUNDLE_IDENTIFIER = "zhongyag.Pitch-PerfectTests";
				PRODUCT_NAME = "$(TARGET_NAME)";
				TEST_HOST = "$(BUILT_PRODUCTS_DIR)/Pitch Perfect.app/Pitch Perfect";
			};
			name = Debug;
		};
		2700473E1C46321700336DB7 /* Release */ = {
			isa = XCBuildConfiguration;
			buildSettings = {
				BUNDLE_LOADER = "$(TEST_HOST)";
				INFOPLIST_FILE = "Pitch PerfectTests/Info.plist";
				LD_RUNPATH_SEARCH_PATHS = "$(inherited) @executable_path/Frameworks @loader_path/Frameworks";
				PRODUCT_BUNDLE_IDENTIFIER = "zhongyag.Pitch-PerfectTests";
				PRODUCT_NAME = "$(TARGET_NAME)";
				TEST_HOST = "$(BUILT_PRODUCTS_DIR)/Pitch Perfect.app/Pitch Perfect";
			};
			name = Release;
		};
		270047401C46321700336DB7 /* Debug */ = {
			isa = XCBuildConfiguration;
			buildSettings = {
				INFOPLIST_FILE = "Pitch PerfectUITests/Info.plist";
				LD_RUNPATH_SEARCH_PATHS = "$(inherited) @executable_path/Frameworks @loader_path/Frameworks";
				PRODUCT_BUNDLE_IDENTIFIER = "zhongyag.Pitch-PerfectUITests";
				PRODUCT_NAME = "$(TARGET_NAME)";
				TEST_TARGET_NAME = "Pitch Perfect";
				USES_XCTRUNNER = YES;
			};
			name = Debug;
		};
		270047411C46321700336DB7 /* Release */ = {
			isa = XCBuildConfiguration;
			buildSettings = {
				INFOPLIST_FILE = "Pitch PerfectUITests/Info.plist";
				LD_RUNPATH_SEARCH_PATHS = "$(inherited) @executable_path/Frameworks @loader_path/Frameworks";
				PRODUCT_BUNDLE_IDENTIFIER = "zhongyag.Pitch-PerfectUITests";
				PRODUCT_NAME = "$(TARGET_NAME)";
				TEST_TARGET_NAME = "Pitch Perfect";
				USES_XCTRUNNER = YES;
			};
			name = Release;
		};
/* End XCBuildConfiguration section */

/* Begin XCConfigurationList section */
		2700470C1C46321700336DB7 /* Build configuration list for PBXProject "Pitch Perfect" */ = {
			isa = XCConfigurationList;
			buildConfigurations = (
				270047371C46321700336DB7 /* Debug */,
				270047381C46321700336DB7 /* Release */,
			);
			defaultConfigurationIsVisible = 0;
			defaultConfigurationName = Release;
		};
		270047391C46321700336DB7 /* Build configuration list for PBXNativeTarget "Pitch Perfect" */ = {
			isa = XCConfigurationList;
			buildConfigurations = (
				2700473A1C46321700336DB7 /* Debug */,
				2700473B1C46321700336DB7 /* Release */,
			);
			defaultConfigurationIsVisible = 0;
			defaultConfigurationName = Release;
		};
		2700473C1C46321700336DB7 /* Build configuration list for PBXNativeTarget "Pitch PerfectTests" */ = {
			isa = XCConfigurationList;
			buildConfigurations = (
				2700473D1C46321700336DB7 /* Debug */,
				2700473E1C46321700336DB7 /* Release */,
			);
			defaultConfigurationIsVisible = 0;
			defaultConfigurationName = Release;
		};
		2700473F1C46321700336DB7 /* Build configuration list for PBXNativeTarget "Pitch PerfectUITests" */ = {
			isa = XCConfigurationList;
			buildConfigurations = (
				270047401C46321700336DB7 /* Debug */,
				270047411C46321700336DB7 /* Release */,
			);
			defaultConfigurationIsVisible = 0;
			defaultConfigurationName = Release;
		};
/* End XCConfigurationList section */
	};
	rootObject = 270047091C46321700336DB7 /* Project object */;
}
